
Microsoft Visual Studio Solution File, Format Version 12.00
# Visual Studio Version 17
VisualStudioVersion = 17.0.32002.185
MinimumVisualStudioVersion = 10.0.40219.1
Project("{FAE04EC0-301F-11D3-BF4B-00C04F79EFBC}") = "WebMarket", "WebMarket\WebMarket.csproj", "{817B33ED-57F7-42DF-8AD3-59C47083A195}"
EndProject
Global
	GlobalSection(SolutionConfigurationPlatforms) = preSolution
		Debug|Any CPU = Debug|Any CPU
		Release|Any CPU = Release|Any CPU
	EndGlobalSection
	GlobalSection(ProjectConfigurationPlatforms) = postSolution
		{817B33ED-57F7-42DF-8AD3-59C47083A195}.Debug|Any CPU.ActiveCfg = Debug|Any CPU
		{817B33ED-57F7-42DF-8AD3-59C47083A195}.Debug|Any CPU.Build.0 = Debug|Any CPU
		{817B33ED-57F7-42DF-8AD3-59C47083A195}.Release|Any CPU.ActiveCfg = Release|Any CPU
		{817B33ED-57F7-42DF-8AD3-59C47083A195}.Release|Any CPU.Build.0 = Release|Any CPU
	EndGlobalSection
	GlobalSection(SolutionProperties) = preSolution
		HideSolutionNode = FALSE
	EndGlobalSection
	GlobalSection(ExtensibilityGlobals) = postSolution
		SolutionGuid = {FA44CCE3-AECE-44CD-A5DE-EC2D9BD8A0BF}
	EndGlobalSection
EndGlobal
